
Microsoft Visual Studio Solution File, Format Version 12.00
Project("{FAE04EC0-301F-11D3-BF4B-00C04F79EFBC}") = "ResourceManager.Domain", "src\ResourceManager.Domain\ResourceManager.Domain.csproj", "{6E42D6FB-4002-4594-8791-D9019F435277}"
EndProject
Project("{FAE04EC0-301F-11D3-BF4B-00C04F79EFBC}") = "ResourceManager.Application", "src\ResourceManager.Application\ResourceManager.Application.csproj", "{52F1DE75-83D7-41C4-BEFC-554F2BD73403}"
EndProject
Project("{FAE04EC0-301F-11D3-BF4B-00C04F79EFBC}") = "ResourceManager.Infrastructure", "src\ResourceManager.Infrastructure\ResourceManager.Infrastructure.csproj", "{CF392D63-28DB-4A41-AFDB-76D3B7272A89}"
EndProject
Project("{FAE04EC0-301F-11D3-BF4B-00C04F79EFBC}") = "ResourceManager.Api", "src\ResourceManager.Api\ResourceManager.Api.csproj", "{1098F80D-0D20-4949-BB39-1DE1729EB553}"
EndProject
Project("{FAE04EC0-301F-11D3-BF4B-00C04F79EFBC}") = "ResourceManager.Contracts", "src\ResourceManager.Contracts\ResourceManager.Contracts.csproj", "{71D68AE3-5643-40F0-BFF2-5AE5AD42A4F7}"
EndProject
Project("{2150E333-8FDC-42A3-9474-1A3956D46DE8}") = "Tests", "Tests", "{F18D4EB5-408F-4501-BDDB-B3C84DF3CB9D}"
EndProject
Project("{FAE04EC0-301F-11D3-BF4B-00C04F79EFBC}") = "ResourceManager.Domain.Tests.Unit", "tests\ResourceManager.Domain.Tests.Unit\ResourceManager.Domain.Tests.Unit.csproj", "{82F7124C-0477-46E6-8C99-05D2391536C1}"
EndProject
Project("{2150E333-8FDC-42A3-9474-1A3956D46DE8}") = "Docs", "Docs", "{BA5A41DB-4D54-43CD-BAA0-6F92446A6094}"
	ProjectSection(SolutionItems) = preProject
		README.md = README.md
	EndProjectSection
EndProject
Global
	GlobalSection(SolutionConfigurationPlatforms) = preSolution
		Debug|Any CPU = Debug|Any CPU
		Release|Any CPU = Release|Any CPU
	EndGlobalSection
	GlobalSection(ProjectConfigurationPlatforms) = postSolution
		{6E42D6FB-4002-4594-8791-D9019F435277}.Debug|Any CPU.ActiveCfg = Debug|Any CPU
		{6E42D6FB-4002-4594-8791-D9019F435277}.Debug|Any CPU.Build.0 = Debug|Any CPU
		{6E42D6FB-4002-4594-8791-D9019F435277}.Release|Any CPU.ActiveCfg = Release|Any CPU
		{6E42D6FB-4002-4594-8791-D9019F435277}.Release|Any CPU.Build.0 = Release|Any CPU
		{52F1DE75-83D7-41C4-BEFC-554F2BD73403}.Debug|Any CPU.ActiveCfg = Debug|Any CPU
		{52F1DE75-83D7-41C4-BEFC-554F2BD73403}.Debug|Any CPU.Build.0 = Debug|Any CPU
		{52F1DE75-83D7-41C4-BEFC-554F2BD73403}.Release|Any CPU.ActiveCfg = Release|Any CPU
		{52F1DE75-83D7-41C4-BEFC-554F2BD73403}.Release|Any CPU.Build.0 = Release|Any CPU
		{CF392D63-28DB-4A41-AFDB-76D3B7272A89}.Debug|Any CPU.ActiveCfg = Debug|Any CPU
		{CF392D63-28DB-4A41-AFDB-76D3B7272A89}.Debug|Any CPU.Build.0 = Debug|Any CPU
		{CF392D63-28DB-4A41-AFDB-76D3B7272A89}.Release|Any CPU.ActiveCfg = Release|Any CPU
		{CF392D63-28DB-4A41-AFDB-76D3B7272A89}.Release|Any CPU.Build.0 = Release|Any CPU
		{1098F80D-0D20-4949-BB39-1DE1729EB553}.Debug|Any CPU.ActiveCfg = Debug|Any CPU
		{1098F80D-0D20-4949-BB39-1DE1729EB553}.Debug|Any CPU.Build.0 = Debug|Any CPU
		{1098F80D-0D20-4949-BB39-1DE1729EB553}.Release|Any CPU.ActiveCfg = Release|Any CPU
		{1098F80D-0D20-4949-BB39-1DE1729EB553}.Release|Any CPU.Build.0 = Release|Any CPU
		{71D68AE3-5643-40F0-BFF2-5AE5AD42A4F7}.Debug|Any CPU.ActiveCfg = Debug|Any CPU
		{71D68AE3-5643-40F0-BFF2-5AE5AD42A4F7}.Debug|Any CPU.Build.0 = Debug|Any CPU
		{71D68AE3-5643-40F0-BFF2-5AE5AD42A4F7}.Release|Any CPU.ActiveCfg = Release|Any CPU
		{71D68AE3-5643-40F0-BFF2-5AE5AD42A4F7}.Release|Any CPU.Build.0 = Release|Any CPU
		{82F7124C-0477-46E6-8C99-05D2391536C1}.Debug|Any CPU.ActiveCfg = Debug|Any CPU
		{82F7124C-0477-46E6-8C99-05D2391536C1}.Debug|Any CPU.Build.0 = Debug|Any CPU
		{82F7124C-0477-46E6-8C99-05D2391536C1}.Release|Any CPU.ActiveCfg = Release|Any CPU
		{82F7124C-0477-46E6-8C99-05D2391536C1}.Release|Any CPU.Build.0 = Release|Any CPU
	EndGlobalSection
	GlobalSection(NestedProjects) = preSolution
		{82F7124C-0477-46E6-8C99-05D2391536C1} = {F18D4EB5-408F-4501-BDDB-B3C84DF3CB9D}
	EndGlobalSection
EndGlobal
